// !$*UTF8*$!
{
	archiveVersion = 1;
	classes = {
	};
	objectVersion = 50;
	objects = {

/* Begin PBXBuildFile section */
		989BCCA626733BB100FC945D /* AppDelegate.swift in Sources */ = {isa = PBXBuildFile; fileRef = 989BCCA526733BB100FC945D /* AppDelegate.swift */; };
		989BCCAA26733BB100FC945D /* ViewController.swift in Sources */ = {isa = PBXBuildFile; fileRef = 989BCCA926733BB100FC945D /* ViewController.swift */; };
		989BCCAD26733BB100FC945D /* Main.storyboard in Resources */ = {isa = PBXBuildFile; fileRef = 989BCCAB26733BB100FC945D /* Main.storyboard */; };
		989BCCAF26733BB200FC945D /* Assets.xcassets in Resources */ = {isa = PBXBuildFile; fileRef = 989BCCAE26733BB200FC945D /* Assets.xcassets */; };
		989BCCB226733BB200FC945D /* LaunchScreen.storyboard in Resources */ = {isa = PBXBuildFile; fileRef = 989BCCB026733BB200FC945D /* LaunchScreen.storyboard */; };
		98E98DE92674D4500097A304 /* VPBottomBar.swift in Sources */ = {isa = PBXBuildFile; fileRef = 98E98DE42674D4500097A304 /* VPBottomBar.swift */; };
		98E98DEA2674D4500097A304 /* VPBottomBarProtocol.swift in Sources */ = {isa = PBXBuildFile; fileRef = 98E98DE52674D4500097A304 /* VPBottomBarProtocol.swift */; };
		98E98DEB2674D4500097A304 /* VPBottomSubBar.swift in Sources */ = {isa = PBXBuildFile; fileRef = 98E98DE62674D4500097A304 /* VPBottomSubBar.swift */; };
		98E98DEC2674D4500097A304 /* UICollectionViewCenterLayout.swift in Sources */ = {isa = PBXBuildFile; fileRef = 98E98DE72674D4500097A304 /* UICollectionViewCenterLayout.swift */; };
		98E98DED2674D4500097A304 /* BottomBarCell.swift in Sources */ = {isa = PBXBuildFile; fileRef = 98E98DE82674D4500097A304 /* BottomBarCell.swift */; };
/* End PBXBuildFile section */

/* Begin PBXCopyFilesBuildPhase section */
		98E98D432674B3830097A304 /* Embed Frameworks */ = {
			isa = PBXCopyFilesBuildPhase;
			buildActionMask = 2147483647;
			dstPath = "";
			dstSubfolderSpec = 10;
			files = (
			);
			name = "Embed Frameworks";
			runOnlyForDeploymentPostprocessing = 0;
		};
/* End PBXCopyFilesBuildPhase section */

/* Begin PBXFileReference section */
		989BCCA226733BB100FC945D /* VPBottomBar.app */ = {isa = PBXFileReference; explicitFileType = wrapper.application; includeInIndex = 0; path = VPBottomBar.app; sourceTree = BUILT_PRODUCTS_DIR; };
		989BCCA526733BB100FC945D /* AppDelegate.swift */ = {isa = PBXFileReference; lastKnownFileType = sourcecode.swift; path = AppDelegate.swift; sourceTree = "<group>"; };
		989BCCA926733BB100FC945D /* ViewController.swift */ = {isa = PBXFileReference; lastKnownFileType = sourcecode.swift; path = ViewController.swift; sourceTree = "<group>"; };
		989BCCAC26733BB100FC945D /* Base */ = {isa = PBXFileReference; lastKnownFileType = file.storyboard; name = Base; path = Base.lproj/Main.storyboard; sourceTree = "<group>"; };
		989BCCAE26733BB200FC945D /* Assets.xcassets */ = {isa = PBXFileReference; lastKnownFileType = folder.assetcatalog; path = Assets.xcassets; sourceTree = "<group>"; };
		989BCCB126733BB200FC945D /* Base */ = {isa = PBXFileReference; lastKnownFileType = file.storyboard; name = Base; path = Base.lproj/LaunchScreen.storyboard; sourceTree = "<group>"; };
		989BCCB326733BB200FC945D /* Info.plist */ = {isa = PBXFileReference; lastKnownFileType = text.plist.xml; path = Info.plist; sourceTree = "<group>"; };
		98E98DE42674D4500097A304 /* VPBottomBar.swift */ = {isa = PBXFileReference; fileEncoding = 4; lastKnownFileType = sourcecode.swift; path = VPBottomBar.swift; sourceTree = "<group>"; };
		98E98DE52674D4500097A304 /* VPBottomBarProtocol.swift */ = {isa = PBXFileReference; fileEncoding = 4; lastKnownFileType = sourcecode.swift; path = VPBottomBarProtocol.swift; sourceTree = "<group>"; };
		98E98DE62674D4500097A304 /* VPBottomSubBar.swift */ = {isa = PBXFileReference; fileEncoding = 4; lastKnownFileType = sourcecode.swift; path = VPBottomSubBar.swift; sourceTree = "<group>"; };
		98E98DE72674D4500097A304 /* UICollectionViewCenterLayout.swift */ = {isa = PBXFileReference; fileEncoding = 4; lastKnownFileType = sourcecode.swift; path = UICollectionViewCenterLayout.swift; sourceTree = "<group>"; };
		98E98DE82674D4500097A304 /* BottomBarCell.swift */ = {isa = PBXFileReference; fileEncoding = 4; lastKnownFileType = sourcecode.swift; path = BottomBarCell.swift; sourceTree = "<group>"; };
/* End PBXFileReference section */

/* Begin PBXFrameworksBuildPhase section */
		989BCC9F26733BB100FC945D /* Frameworks */ = {
			isa = PBXFrameworksBuildPhase;
			buildActionMask = 2147483647;
			files = (
			);
			runOnlyForDeploymentPostprocessing = 0;
		};
/* End PBXFrameworksBuildPhase section */

/* Begin PBXGroup section */
		989BCC9926733BB100FC945D = {
			isa = PBXGroup;
			children = (
				989BCCA426733BB100FC945D /* VPBottomBar */,
				989BCCA326733BB100FC945D /* Products */,
				98E98D1D2674B0D80097A304 /* Frameworks */,
			);
			sourceTree = "<group>";
		};
		989BCCA326733BB100FC945D /* Products */ = {
			isa = PBXGroup;
			children = (
				989BCCA226733BB100FC945D /* VPBottomBar.app */,
			);
			name = Products;
			sourceTree = "<group>";
		};
		989BCCA426733BB100FC945D /* VPBottomBar */ = {
			isa = PBXGroup;
			children = (
				989BCCA526733BB100FC945D /* AppDelegate.swift */,
				989BCCA926733BB100FC945D /* ViewController.swift */,
				98E98DE32674D4500097A304 /* Source */,
				989BCCAB26733BB100FC945D /* Main.storyboard */,
				989BCCAE26733BB200FC945D /* Assets.xcassets */,
				989BCCB026733BB200FC945D /* LaunchScreen.storyboard */,
				989BCCB326733BB200FC945D /* Info.plist */,
			);
			path = VPBottomBar;
			sourceTree = "<group>";
		};
		98E98D1D2674B0D80097A304 /* Frameworks */ = {
			isa = PBXGroup;
			children = (
			);
			name = Frameworks;
			sourceTree = "<group>";
		};
		98E98DE32674D4500097A304 /* Source */ = {
			isa = PBXGroup;
			children = (
				98E98DE42674D4500097A304 /* VPBottomBar.swift */,
				98E98DE52674D4500097A304 /* VPBottomBarProtocol.swift */,
				98E98DE62674D4500097A304 /* VPBottomSubBar.swift */,
				98E98DE72674D4500097A304 /* UICollectionViewCenterLayout.swift */,
				98E98DE82674D4500097A304 /* BottomBarCell.swift */,
			);
			path = Source;
			sourceTree = "<group>";
		};
/* End PBXGroup section */

/* Begin PBXNativeTarget section */
		989BCCA126733BB100FC945D /* VPBottomBar */ = {
			isa = PBXNativeTarget;
			buildConfigurationList = 989BCCB626733BB200FC945D /* Build configuration list for PBXNativeTarget "VPBottomBar" */;
			buildPhases = (
				989BCC9E26733BB100FC945D /* Sources */,
				989BCC9F26733BB100FC945D /* Frameworks */,
				989BCCA026733BB100FC945D /* Resources */,
				98E98D432674B3830097A304 /* Embed Frameworks */,
			);
			buildRules = (
			);
			dependencies = (
			);
			name = VPBottomBar;
			productName = VPBottomBar;
			productReference = 989BCCA226733BB100FC945D /* VPBottomBar.app */;
			productType = "com.apple.product-type.application";
		};
/* End PBXNativeTarget section */

/* Begin PBXProject section */
		989BCC9A26733BB100FC945D /* Project object */ = {
			isa = PBXProject;
			attributes = {
				LastSwiftUpdateCheck = 1250;
				LastUpgradeCheck = 1250;
				TargetAttributes = {
					989BCCA126733BB100FC945D = {
						CreatedOnToolsVersion = 12.5;
					};
				};
			};
			buildConfigurationList = 989BCC9D26733BB100FC945D /* Build configuration list for PBXProject "VPBottomBar" */;
			compatibilityVersion = "Xcode 9.3";
			developmentRegion = en;
			hasScannedForEncodings = 0;
			knownRegions = (
				en,
				Base,
			);
			mainGroup = 989BCC9926733BB100FC945D;
			productRefGroup = 989BCCA326733BB100FC945D /* Products */;
			projectDirPath = "";
			projectRoot = "";
			targets = (
				989BCCA126733BB100FC945D /* VPBottomBar */,
			);
		};
/* End PBXProject section */

/* Begin PBXResourcesBuildPhase section */
		989BCCA026733BB100FC945D /* Resources */ = {
			isa = PBXResourcesBuildPhase;
			buildActionMask = 2147483647;
			files = (
				989BCCB226733BB200FC945D /* LaunchScreen.storyboard in Resources */,
				989BCCAF26733BB200FC945D /* Assets.xcassets in Resources */,
				989BCCAD26733BB100FC945D /* Main.storyboard in Resources */,
			);
			runOnlyForDeploymentPostprocessing = 0;
		};
/* End PBXResourcesBuildPhase section */

/* Begin PBXSourcesBuildPhase section */
		989BCC9E26733BB100FC945D /* Sources */ = {
			isa = PBXSourcesBuildPhase;
			buildActionMask = 2147483647;
			files = (
				989BCCAA26733BB100FC945D /* ViewController.swift in Sources */,
				98E98DEC2674D4500097A304 /* UICollectionViewCenterLayout.swift in Sources */,
				98E98DED2674D4500097A304 /* BottomBarCell.swift in Sources */,
				98E98DE92674D4500097A304 /* VPBottomBar.swift in Sources */,
				98E98DEA2674D4500097A304 /* VPBottomBarProtocol.swift in Sources */,
				989BCCA626733BB100FC945D /* AppDelegate.swift in Sources */,
				98E98DEB2674D4500097A304 /* VPBottomSubBar.swift in Sources */,
			);
			runOnlyForDeploymentPostprocessing = 0;
		};
/* End PBXSourcesBuildPhase section */

/* Begin PBXVariantGroup section */
		989BCCAB26733BB100FC945D /* Main.storyboard */ = {
			isa = PBXVariantGroup;
			children = (
				989BCCAC26733BB100FC945D /* Base */,
			);
			name = Main.storyboard;
			sourceTree = "<group>";
		};
		989BCCB026733BB200FC945D /* LaunchScreen.storyboard */ = {
			isa = PBXVariantGroup;
			children = (
				989BCCB126733BB200FC945D /* Base */,
			);
			name = LaunchScreen.storyboard;
			sourceTree = "<group>";
		};
/* End PBXVariantGroup section */

/* Begin XCBuildConfiguration section */
		989BCCB426733BB200FC945D /* Debug */ = {
			isa = XCBuildConfiguration;
			buildSettings = {
				ALWAYS_SEARCH_USER_PATHS = NO;
				CLANG_ANALYZER_NONNULL = YES;
				CLANG_ANALYZER_NUMBER_OBJECT_CONVERSION = YES_AGGRESSIVE;
				CLANG_CXX_LANGUAGE_STANDARD = "gnu++14";
				CLANG_CXX_LIBRARY = "libc++";
				CLANG_ENABLE_MODULES = YES;
				CLANG_ENABLE_OBJC_ARC = YES;
				CLANG_ENABLE_OBJC_WEAK = YES;
				CLANG_WARN_BLOCK_CAPTURE_AUTORELEASING = YES;
				CLANG_WARN_BOOL_CONVERSION = YES;
				CLANG_WARN_COMMA = YES;
				CLANG_WARN_CONSTANT_CONVERSION = YES;
				CLANG_WARN_DEPRECATED_OBJC_IMPLEMENTATIONS = YES;
				CLANG_WARN_DIRECT_OBJC_ISA_USAGE = YES_ERROR;
				CLANG_WARN_DOCUMENTATION_COMMENTS = YES;
				CLANG_WARN_EMPTY_BODY = YES;
				CLANG_WARN_ENUM_CONVERSION = YES;
				CLANG_WARN_INFINITE_RECURSION = YES;
				CLANG_WARN_INT_CONVERSION = YES;
				CLANG_WARN_NON_LITERAL_NULL_CONVERSION = YES;
				CLANG_WARN_OBJC_IMPLICIT_RETAIN_SELF = YES;
				CLANG_WARN_OBJC_LITERAL_CONVERSION = YES;
				CLANG_WARN_OBJC_ROOT_CLASS = YES_ERROR;
				CLANG_WARN_QUOTED_INCLUDE_IN_FRAMEWORK_HEADER = YES;
				CLANG_WARN_RANGE_LOOP_ANALYSIS = YES;
				CLANG_WARN_STRICT_PROTOTYPES = YES;
				CLANG_WARN_SUSPICIOUS_MOVE = YES;
				CLANG_WARN_UNGUARDED_AVAILABILITY = YES_AGGRESSIVE;
				CLANG_WARN_UNREACHABLE_CODE = YES;
				CLANG_WARN__DUPLICATE_METHOD_MATCH = YES;
				COPY_PHASE_STRIP = NO;
				DEBUG_INFORMATION_FORMAT = dwarf;
				ENABLE_STRICT_OBJC_MSGSEND = YES;
				ENABLE_TESTABILITY = YES;
				GCC_C_LANGUAGE_STANDARD = gnu11;
				GCC_DYNAMIC_NO_PIC = NO;
				GCC_NO_COMMON_BLOCKS = YES;
				GCC_OPTIMIZATION_LEVEL = 0;
				GCC_PREPROCESSOR_DEFINITIONS = (
					"DEBUG=1",
					"$(inherited)",
				);
				GCC_WARN_64_TO_32_BIT_CONVERSION = YES;
				GCC_WARN_ABOUT_RETURN_TYPE = YES_ERROR;
				GCC_WARN_UNDECLARED_SELECTOR = YES;
				GCC_WARN_UNINITIALIZED_AUTOS = YES_AGGRESSIVE;
				GCC_WARN_UNUSED_FUNCTION = YES;
				GCC_WARN_UNUSED_VARIABLE = YES;
				IPHONEOS_DEPLOYMENT_TARGET = 14.5;
				MTL_ENABLE_DEBUG_INFO = INCLUDE_SOURCE;
				MTL_FAST_MATH = YES;
				ONLY_ACTIVE_ARCH = YES;
				SDKROOT = iphoneos;
				SWIFT_ACTIVE_COMPILATION_CONDITIONS = DEBUG;
				SWIFT_OPTIMIZATION_LEVEL = "-Onone";
			};
			name = Debug;
		};
		989BCCB526733BB200FC945D /* Release */ = {
			isa = XCBuildConfiguration;
			buildSettings = {
				ALWAYS_SEARCH_USER_PATHS = NO;
				CLANG_ANALYZER_NONNULL = YES;
				CLANG_ANALYZER_NUMBER_OBJECT_CONVERSION = YES_AGGRESSIVE;
				CLANG_CXX_LANGUAGE_STANDARD = "gnu++14";
				CLANG_CXX_LIBRARY = "libc++";
				CLANG_ENABLE_MODULES = YES;
				CLANG_ENABLE_OBJC_ARC = YES;
				CLANG_ENABLE_OBJC_WEAK = YES;
				CLANG_WARN_BLOCK_CAPTURE_AUTORELEASING = YES;
				CLANG_WARN_BOOL_CONVERSION = YES;
				CLANG_WARN_COMMA = YES;
				CLANG_WARN_CONSTANT_CONVERSION = YES;
				CLANG_WARN_DEPRECATED_OBJC_IMPLEMENTATIONS = YES;
				CLANG_WARN_DIRECT_OBJC_ISA_USAGE = YES_ERROR;
				CLANG_WARN_DOCUMENTATION_COMMENTS = YES;
				CLANG_WARN_EMPTY_BODY = YES;
				CLANG_WARN_ENUM_CONVERSION = YES;
				CLANG_WARN_INFINITE_RECURSION = YES;
				CLANG_WARN_INT_CONVERSION = YES;
				CLANG_WARN_NON_LITERAL_NULL_CONVERSION = YES;
				CLANG_WARN_OBJC_IMPLICIT_RETAIN_SELF = YES;
				CLANG_WARN_OBJC_LITERAL_CONVERSION = YES;
				CLANG_WARN_OBJC_ROOT_CLASS = YES_ERROR;
				CLANG_WARN_QUOTED_INCLUDE_IN_FRAMEWORK_HEADER = YES;
				CLANG_WARN_RANGE_LOOP_ANALYSIS = YES;
				CLANG_WARN_STRICT_PROTOTYPES = YES;
				CLANG_WARN_SUSPICIOUS_MOVE = YES;
				CLANG_WARN_UNGUARDED_AVAILABILITY = YES_AGGRESSIVE;
				CLANG_WARN_UNREACHABLE_CODE = YES;
				CLANG_WARN__DUPLICATE_METHOD_MATCH = YES;
				COPY_PHASE_STRIP = NO;
				DEBUG_INFORMATION_FORMAT = "dwarf-with-dsym";
				ENABLE_NS_ASSERTIONS = NO;
				ENABLE_STRICT_OBJC_MSGSEND = YES;
				GCC_C_LANGUAGE_STANDARD = gnu11;
				GCC_NO_COMMON_BLOCKS = YES;
				GCC_WARN_64_TO_32_BIT_CONVERSION = YES;
				GCC_WARN_ABOUT_RETURN_TYPE = YES_ERROR;
				GCC_WARN_UNDECLARED_SELECTOR = YES;
				GCC_WARN_UNINITIALIZED_AUTOS = YES_AGGRESSIVE;
				GCC_WARN_UNUSED_FUNCTION = YES;
				GCC_WARN_UNUSED_VARIABLE = YES;
				IPHONEOS_DEPLOYMENT_TARGET = 14.5;
				MTL_ENABLE_DEBUG_INFO = NO;
				MTL_FAST_MATH = YES;
				SDKROOT = iphoneos;
				SWIFT_COMPILATION_MODE = wholemodule;
				SWIFT_OPTIMIZATION_LEVEL = "-O";
				VALIDATE_PRODUCT = YES;
			};
			name = Release;
		};
		989BCCB726733BB200FC945D /* Debug */ = {
			isa = XCBuildConfiguration;
			buildSettings = {
				ASSETCATALOG_COMPILER_APPICON_NAME = AppIcon;
				ASSETCATALOG_COMPILER_GLOBAL_ACCENT_COLOR_NAME = AccentColor;
				CODE_SIGN_IDENTITY = "iPhone Developer";
				CODE_SIGN_STYLE = Manual;
				DEVELOPMENT_TEAM = KS2RRAF673;
				INFOPLIST_FILE = VPBottomBar/Info.plist;
				IPHONEOS_DEPLOYMENT_TARGET = 11.0;
				LD_RUNPATH_SEARCH_PATHS = (
					"$(inherited)",
					"@executable_path/Frameworks",
				);
				PRODUCT_BUNDLE_IDENTIFIER = com.developer.VPBottomBar;
				PRODUCT_NAME = "$(TARGET_NAME)";
				PROVISIONING_PROFILE_SPECIFIER = "Wildcard provision";
				SWIFT_VERSION = 5.0;
				TARGETED_DEVICE_FAMILY = "1,2";
			};
			name = Debug;
		};
		989BCCB826733BB200FC945D /* Release */ = {
			isa = XCBuildConfiguration;
			buildSettings = {
				ASSETCATALOG_COMPILER_APPICON_NAME = AppIcon;
				ASSETCATALOG_COMPILER_GLOBAL_ACCENT_COLOR_NAME = AccentColor;
				CODE_SIGN_IDENTITY = "iPhone Developer";
				CODE_SIGN_STYLE = Manual;
				DEVELOPMENT_TEAM = KS2RRAF673;
				INFOPLIST_FILE = VPBottomBar/Info.plist;
				IPHONEOS_DEPLOYMENT_TARGET = 11.0;
				LD_RUNPATH_SEARCH_PATHS = (
					"$(inherited)",
					"@executable_path/Frameworks",
				);
				PRODUCT_BUNDLE_IDENTIFIER = com.developer.VPBottomBar;
				PRODUCT_NAME = "$(TARGET_NAME)";
				PROVISIONING_PROFILE_SPECIFIER = "Wildcard provision";
				SWIFT_VERSION = 5.0;
				TARGETED_DEVICE_FAMILY = "1,2";
			};
			name = Release;
		};
/* End XCBuildConfiguration section */

/* Begin XCConfigurationList section */
		989BCC9D26733BB100FC945D /* Build configuration list for PBXProject "VPBottomBar" */ = {
			isa = XCConfigurationList;
			buildConfigurations = (
				989BCCB426733BB200FC945D /* Debug */,
				989BCCB526733BB200FC945D /* Release */,
			);
			defaultConfigurationIsVisible = 0;
			defaultConfigurationName = Release;
		};
		989BCCB626733BB200FC945D /* Build configuration list for PBXNativeTarget "VPBottomBar" */ = {
			isa = XCConfigurationList;
			buildConfigurations = (
				989BCCB726733BB200FC945D /* Debug */,
				989BCCB826733BB200FC945D /* Release */,
			);
			defaultConfigurationIsVisible = 0;
			defaultConfigurationName = Release;
		};
/* End XCConfigurationList section */
	};
	rootObject = 989BCC9A26733BB100FC945D /* Project object */;
}
